
Microsoft Visual Studio Solution File, Format Version 12.00
# Visual Studio Version 16
VisualStudioVersion = 16.0.31727.386
MinimumVisualStudioVersion = 10.0.40219.1
Project("{FAE04EC0-301F-11D3-BF4B-00C04F79EFBC}") = "Student_Mgt_Sys", "Student_Mgt_Sys\Student_Mgt_Sys.csproj", "{1C0FAA15-0E85-4A79-BE52-2575A9D879FB}"
EndProject
Project("{FAE04EC0-301F-11D3-BF4B-00C04F79EFBC}") = "DataAccess.EFCore", "DataAccess.EFCore\DataAccess.EFCore.csproj", "{F1E1005F-2D51-452E-A5D7-01D2FFDB7D38}"
EndProject
Project("{FAE04EC0-301F-11D3-BF4B-00C04F79EFBC}") = "Domain", "Domain\Domain.csproj", "{DA6F7774-51EB-4AB7-9921-769FFCC80006}"
EndProject
Global
	GlobalSection(SolutionConfigurationPlatforms) = preSolution
		Debug|Any CPU = Debug|Any CPU
		Release|Any CPU = Release|Any CPU
	EndGlobalSection
	GlobalSection(ProjectConfigurationPlatforms) = postSolution
		{1C0FAA15-0E85-4A79-BE52-2575A9D879FB}.Debug|Any CPU.ActiveCfg = Debug|Any CPU
		{1C0FAA15-0E85-4A79-BE52-2575A9D879FB}.Debug|Any CPU.Build.0 = Debug|Any CPU
		{1C0FAA15-0E85-4A79-BE52-2575A9D879FB}.Release|Any CPU.ActiveCfg = Release|Any CPU
		{1C0FAA15-0E85-4A79-BE52-2575A9D879FB}.Release|Any CPU.Build.0 = Release|Any CPU
		{F1E1005F-2D51-452E-A5D7-01D2FFDB7D38}.Debug|Any CPU.ActiveCfg = Debug|Any CPU
		{F1E1005F-2D51-452E-A5D7-01D2FFDB7D38}.Debug|Any CPU.Build.0 = Debug|Any CPU
		{F1E1005F-2D51-452E-A5D7-01D2FFDB7D38}.Release|Any CPU.ActiveCfg = Release|Any CPU
		{F1E1005F-2D51-452E-A5D7-01D2FFDB7D38}.Release|Any CPU.Build.0 = Release|Any CPU
		{DA6F7774-51EB-4AB7-9921-769FFCC80006}.Debug|Any CPU.ActiveCfg = Debug|Any CPU
		{DA6F7774-51EB-4AB7-9921-769FFCC80006}.Debug|Any CPU.Build.0 = Debug|Any CPU
		{DA6F7774-51EB-4AB7-9921-769FFCC80006}.Release|Any CPU.ActiveCfg = Release|Any CPU
		{DA6F7774-51EB-4AB7-9921-769FFCC80006}.Release|Any CPU.Build.0 = Release|Any CPU
	EndGlobalSection
	GlobalSection(SolutionProperties) = preSolution
		HideSolutionNode = FALSE
	EndGlobalSection
	GlobalSection(ExtensibilityGlobals) = postSolution
		SolutionGuid = {354A3F72-8BD0-4C0C-8ABC-4A3D9BAD55FA}
	EndGlobalSection
EndGlobal
